
Microsoft Visual Studio Solution File, Format Version 12.00
# Visual Studio Version 16
VisualStudioVersion = 16.0.30626.31
MinimumVisualStudioVersion = 10.0.40219.1
Project("{FAE04EC0-301F-11D3-BF4B-00C04F79EFBC}") = "FolderMonitor", "FolderMonitor\FolderMonitor.csproj", "{9B99613C-5CF9-4B79-BD4F-48E2589F123D}"
EndProject
Project("{FAE04EC0-301F-11D3-BF4B-00C04F79EFBC}") = "FolderMonitor.UI", "FolderMonitor.UI\FolderMonitor.UI.csproj", "{9BBDFE62-CB4C-48CC-BCF0-858D22C311E2}"
EndProject
Project("{2150E333-8FDC-42A3-9474-1A3956D46DE8}") = "Solution Items", "Solution Items", "{7F8F6DED-70AA-45B5-AF1A-88F1B59BBCCB}"
EndProject
Global
	GlobalSection(SolutionConfigurationPlatforms) = preSolution
		Debug|Any CPU = Debug|Any CPU
		Release|Any CPU = Release|Any CPU
	EndGlobalSection
	GlobalSection(ProjectConfigurationPlatforms) = postSolution
		{9B99613C-5CF9-4B79-BD4F-48E2589F123D}.Debug|Any CPU.ActiveCfg = Debug|Any CPU
		{9B99613C-5CF9-4B79-BD4F-48E2589F123D}.Debug|Any CPU.Build.0 = Debug|Any CPU
		{9B99613C-5CF9-4B79-BD4F-48E2589F123D}.Release|Any CPU.ActiveCfg = Release|Any CPU
		{9B99613C-5CF9-4B79-BD4F-48E2589F123D}.Release|Any CPU.Build.0 = Release|Any CPU
		{9BBDFE62-CB4C-48CC-BCF0-858D22C311E2}.Debug|Any CPU.ActiveCfg = Debug|Any CPU
		{9BBDFE62-CB4C-48CC-BCF0-858D22C311E2}.Debug|Any CPU.Build.0 = Debug|Any CPU
		{9BBDFE62-CB4C-48CC-BCF0-858D22C311E2}.Release|Any CPU.ActiveCfg = Release|Any CPU
		{9BBDFE62-CB4C-48CC-BCF0-858D22C311E2}.Release|Any CPU.Build.0 = Release|Any CPU
	EndGlobalSection
	GlobalSection(SolutionProperties) = preSolution
		HideSolutionNode = FALSE
	EndGlobalSection
	GlobalSection(ExtensibilityGlobals) = postSolution
		SolutionGuid = {7EB4455F-C8DE-44CE-ACEB-8D9ACCC2EC3B}
	EndGlobalSection
	GlobalSection(Performance) = preSolution
		HasPerformanceSessions = true
	EndGlobalSection
EndGlobal
